
Microsoft Visual Studio Solution File, Format Version 12.00
# Visual Studio Version 17
VisualStudioVersion = 17.2.32516.85
MinimumVisualStudioVersion = 10.0.40219.1
Project("{FAE04EC0-301F-11D3-BF4B-00C04F79EFBC}") = "ClassLibrary1", "ClassLibrary1\ClassLibrary1.csproj", "{FE637A81-872B-4AD0-B334-EC611042FEA4}"
EndProject
Global
	GlobalSection(SolutionConfigurationPlatforms) = preSolution
		Debug|Any CPU = Debug|Any CPU
		Release|Any CPU = Release|Any CPU
	EndGlobalSection
	GlobalSection(ProjectConfigurationPlatforms) = postSolution
		{FE637A81-872B-4AD0-B334-EC611042FEA4}.Debug|Any CPU.ActiveCfg = Debug|Any CPU
		{FE637A81-872B-4AD0-B334-EC611042FEA4}.Debug|Any CPU.Build.0 = Debug|Any CPU
		{FE637A81-872B-4AD0-B334-EC611042FEA4}.Release|Any CPU.ActiveCfg = Release|Any CPU
		{FE637A81-872B-4AD0-B334-EC611042FEA4}.Release|Any CPU.Build.0 = Release|Any CPU
	EndGlobalSection
	GlobalSection(SolutionProperties) = preSolution
		HideSolutionNode = FALSE
	EndGlobalSection
	GlobalSection(ExtensibilityGlobals) = postSolution
		SolutionGuid = {A6BE7DF0-506D-4A3E-848D-9051C77751F0}
	EndGlobalSection
EndGlobal
